
Microsoft Visual Studio Solution File, Format Version 12.00
# Visual Studio Version 17
VisualStudioVersion = 17.1.32228.430
MinimumVisualStudioVersion = 10.0.40219.1
Project("{FAE04EC0-301F-11D3-BF4B-00C04F79EFBC}") = "MindBox", "MindBox\MindBox.csproj", "{A8BE3C80-AE33-444F-8B8B-5D21C1B2449D}"
EndProject
Project("{FAE04EC0-301F-11D3-BF4B-00C04F79EFBC}") = "SquareFigureLibrary", "SquareFigureLibrary\SquareFigureLibrary.csproj", "{BB8EE81B-4D32-460E-9390-E80F5FC6D306}"
EndProject
Project("{FAE04EC0-301F-11D3-BF4B-00C04F79EFBC}") = "TestSquareFigureLibrary", "TestSquareFigureLibrary\TestSquareFigureLibrary.csproj", "{9AD5493A-CC9D-463D-9803-46DD14767EDD}"
EndProject
Global
	GlobalSection(SolutionConfigurationPlatforms) = preSolution
		Debug|Any CPU = Debug|Any CPU
		Release|Any CPU = Release|Any CPU
	EndGlobalSection
	GlobalSection(ProjectConfigurationPlatforms) = postSolution
		{A8BE3C80-AE33-444F-8B8B-5D21C1B2449D}.Debug|Any CPU.ActiveCfg = Debug|Any CPU
		{A8BE3C80-AE33-444F-8B8B-5D21C1B2449D}.Debug|Any CPU.Build.0 = Debug|Any CPU
		{A8BE3C80-AE33-444F-8B8B-5D21C1B2449D}.Release|Any CPU.ActiveCfg = Release|Any CPU
		{A8BE3C80-AE33-444F-8B8B-5D21C1B2449D}.Release|Any CPU.Build.0 = Release|Any CPU
		{BB8EE81B-4D32-460E-9390-E80F5FC6D306}.Debug|Any CPU.ActiveCfg = Debug|Any CPU
		{BB8EE81B-4D32-460E-9390-E80F5FC6D306}.Debug|Any CPU.Build.0 = Debug|Any CPU
		{BB8EE81B-4D32-460E-9390-E80F5FC6D306}.Release|Any CPU.ActiveCfg = Release|Any CPU
		{BB8EE81B-4D32-460E-9390-E80F5FC6D306}.Release|Any CPU.Build.0 = Release|Any CPU
		{9AD5493A-CC9D-463D-9803-46DD14767EDD}.Debug|Any CPU.ActiveCfg = Debug|Any CPU
		{9AD5493A-CC9D-463D-9803-46DD14767EDD}.Debug|Any CPU.Build.0 = Debug|Any CPU
		{9AD5493A-CC9D-463D-9803-46DD14767EDD}.Release|Any CPU.ActiveCfg = Release|Any CPU
		{9AD5493A-CC9D-463D-9803-46DD14767EDD}.Release|Any CPU.Build.0 = Release|Any CPU
	EndGlobalSection
	GlobalSection(SolutionProperties) = preSolution
		HideSolutionNode = FALSE
	EndGlobalSection
	GlobalSection(ExtensibilityGlobals) = postSolution
		SolutionGuid = {B0759DFC-4A67-47AE-898F-F4FC45379C94}
	EndGlobalSection
EndGlobal
